<?xml version="1.0" encoding="utf-8"?>
<Project ToolsVersion="4.0" xmlns="http://schemas.microsoft.com/developer/msbuild/2003">
  <ItemGroup>
    <Filter Include="Source Files">
      <UniqueIdentifier>{4FC737F1-C7A5-4376-A066-2A32D752A2FF}</UniqueIdentifier>
      <Extensions>cpp;c;cc;cxx;def;odl;idl;hpj;bat;asm;asmx</Extensions>
    </Filter>
    <Filter Include="Header Files">
      <UniqueIdentifier>{93995380-89BD-4b04-88EB-625FBE52EBFB}</UniqueIdentifier>
      <Extensions>h;hh;hpp;hxx;hm;inl;inc;xsd</Extensions>
    </Filter>
    <Filter Include="Resource Files">
      <UniqueIdentifier>{67DA6AB6-F800-4c08-8B7A-83BB121AAD01}</UniqueIdentifier>
      <Extensions>qrc;rc;ico;cur;bmp;dlg;rc2;rct;bin;rgs;gif;jpg;jpeg;jpe;resx;tiff;tif;png;wav;mfcribbon-ms</Extensions>
    </Filter>
    <Filter Include="Form Files">
      <UniqueIdentifier>{99349809-55BA-4b9d-BF79-8FDBB0286EB3}</UniqueIdentifier>
      <Extensions>ui</Extensions>
    </Filter>
    <Filter Include="Translation Files">
      <UniqueIdentifier>{639EADAA-A684-42e4-A9AD-28FC9BCB8F7C}</UniqueIdentifier>
      <Extensions>ts</Extensions>
    </Filter>
    <Filter Include="Header Files\DrawTools">
      <UniqueIdentifier>{14a2b323-1792-4404-8e9f-d0e0138d26ca}</UniqueIdentifier>
    </Filter>
  </ItemGroup>
  <ItemGroup>
    <QtRcc Include="PhotoshopLike.qrc">
      <Filter>Resource Files</Filter>
    </QtRcc>
    <QtUic Include="PhotoshopLike.ui">
      <Filter>Form Files</Filter>
    </QtUic>
    <QtMoc Include="PhotoshopLike.h">
      <Filter>Header Files</Filter>
    </QtMoc>
    <ClCompile Include="PhotoshopLike.cpp">
      <Filter>Source Files</Filter>
    </ClCompile>
  </ItemGroup>
  <ItemGroup>
    <ClCompile Include="main.cpp">
      <Filter>Source Files</Filter>
    </ClCompile>
    <ClCompile Include="DrawCanvas.cpp">
      <Filter>Source Files</Filter>
    </ClCompile>
    <ClCompile Include="DrawCommand.cpp">
      <Filter>Source Files</Filter>
    </ClCompile>
    <ClCompile Include="Image.cpp">
      <Filter>Source Files</Filter>
    </ClCompile>
    <ClCompile Include="DrawTools.cpp">
      <Filter>Source Files</Filter>
    </ClCompile>
    <ClCompile Include="CreateImage.cpp">
      <Filter>Source Files</Filter>
    </ClCompile>
    <ClCompile Include="Pencil.cpp">
      <Filter>Source Files</Filter>
    </ClCompile>
    <ClCompile Include="Tools.cpp">
      <Filter>Source Files</Filter>
    </ClCompile>
    <ClCompile Include="Mat.cpp">
      <Filter>Source Files</Filter>
    </ClCompile>
    <ClCompile Include="ToolFactory.cpp">
      <Filter>Source Files</Filter>
    </ClCompile>
    <ClCompile Include="MyPaletteModel.cpp">
      <Filter>Source Files</Filter>
    </ClCompile>
    <ClCompile Include="MyPalette.cpp">
      <Filter>Source Files</Filter>
    </ClCompile>
    <ClCompile Include="MoveHand.cpp">
      <Filter>Source Files</Filter>
    </ClCompile>
    <ClCompile Include="DrawToolUIFactory.cpp">
      <Filter>Source Files</Filter>
    </ClCompile>
    <ClCompile Include="DrawToolsUI.cpp">
      <Filter>Source Files</Filter>
    </ClCompile>
    <ClCompile Include="PencilUI.cpp">
      <Filter>Source Files</Filter>
    </ClCompile>
    <ClCompile Include="LayerGroup.cpp">
      <Filter>Source Files</Filter>
    </ClCompile>
    <ClCompile Include="LayerModel.cpp">
      <Filter>Source Files</Filter>
    </ClCompile>
    <ClCompile Include="OverlayFunctionFactory.cpp">
      <Filter>Source Files</Filter>
    </ClCompile>
    <ClCompile Include="LayerUI.cpp">
      <Filter>Source Files</Filter>
    </ClCompile>
    <ClCompile Include="ImageFilter.cpp">
      <Filter>Source Files</Filter>
    </ClCompile>
    <ClCompile Include="FilterFactory.cpp">
      <Filter>Source Files</Filter>
    </ClCompile>
    <ClCompile Include="FilterSetter.cpp">
      <Filter>Source Files</Filter>
    </ClCompile>
    <ClCompile Include="FilterPenUI.cpp">
      <Filter>Source Files</Filter>
    </ClCompile>
    <ClCompile Include="ChangeHSL.cpp">
      <Filter>Source Files</Filter>
    </ClCompile>
  </ItemGroup>
  <ItemGroup>
    <ClInclude Include="DrawCommand.h">
      <Filter>Header Files</Filter>
    </ClInclude>
    <ClInclude Include="Mat.hpp">
      <Filter>Header Files</Filter>
    </ClInclude>
    <ClInclude Include="Image.h">
      <Filter>Header Files</Filter>
    </ClInclude>
    <ClInclude Include="DrawTools.h">
      <Filter>Header Files\DrawTools</Filter>
    </ClInclude>
    <ClInclude Include="Pencil.h">
      <Filter>Header Files\DrawTools</Filter>
    </ClInclude>
    <ClInclude Include="ToolFactory.h">
      <Filter>Header Files</Filter>
    </ClInclude>
    <ClInclude Include="MyPaletteModel.h">
      <Filter>Header Files</Filter>
    </ClInclude>
    <ClInclude Include="MyEvent.h">
      <Filter>Header Files</Filter>
    </ClInclude>
    <ClInclude Include="MoveHand.h">
      <Filter>Header Files</Filter>
    </ClInclude>
    <ClInclude Include="DrawToolUIFactory.h">
      <Filter>Header Files</Filter>
    </ClInclude>
    <ClInclude Include="LayerModel.h">
      <Filter>Header Files</Filter>
    </ClInclude>
    <ClInclude Include="OverlayFunction.h">
      <Filter>Header Files</Filter>
    </ClInclude>
    <ClInclude Include="OverlayFunctionFactory.h">
      <Filter>Header Files</Filter>
    </ClInclude>
    <ClInclude Include="ImageFilter.h">
      <Filter>Header Files</Filter>
    </ClInclude>
  </ItemGroup>
  <ItemGroup>
    <QtMoc Include="DrawCanvas.h">
      <Filter>Header Files</Filter>
    </QtMoc>
    <QtMoc Include="CreateImage.h">
      <Filter>Header Files</Filter>
    </QtMoc>
    <QtMoc Include="Tools.h">
      <Filter>Header Files</Filter>
    </QtMoc>
    <QtMoc Include="MyPalette.h">
      <Filter>Header Files</Filter>
    </QtMoc>
    <QtMoc Include="DrawToolsUI.h">
      <Filter>Header Files</Filter>
    </QtMoc>
    <QtMoc Include="PencilUI.h">
      <Filter>Header Files</Filter>
    </QtMoc>
    <QtMoc Include="LayerGroup.h">
      <Filter>Header Files</Filter>
    </QtMoc>
    <QtMoc Include="LayerUI.h">
      <Filter>Header Files</Filter>
    </QtMoc>
    <QtMoc Include="FilterSetter.h">
      <Filter>Header Files</Filter>
    </QtMoc>
    <QtMoc Include="FilterPenUI.h">
      <Filter>Header Files</Filter>
    </QtMoc>
    <QtMoc Include="FilterFactory.h">
      <Filter>Header Files</Filter>
    </QtMoc>
    <QtMoc Include="ChangeHSL.h">
      <Filter>Header Files</Filter>
    </QtMoc>
  </ItemGroup>
  <ItemGroup>
    <QtUic Include="DrawCanvas.ui">
      <Filter>Form Files</Filter>
    </QtUic>
    <QtUic Include="CreateImage.ui">
      <Filter>Form Files</Filter>
    </QtUic>
    <QtUic Include="Tools.ui">
      <Filter>Form Files</Filter>
    </QtUic>
    <QtUic Include="MyPalette.ui">
      <Filter>Form Files</Filter>
    </QtUic>
    <QtUic Include="DrawToolsUI.ui">
      <Filter>Form Files</Filter>
    </QtUic>
    <QtUic Include="PencilUI.ui">
      <Filter>Form Files</Filter>
    </QtUic>
    <QtUic Include="LayerGroup.ui">
      <Filter>Form Files</Filter>
    </QtUic>
    <QtUic Include="LayerUI.ui">
      <Filter>Form Files</Filter>
    </QtUic>
    <QtUic Include="FilterSetter.ui">
      <Filter>Form Files</Filter>
    </QtUic>
    <QtUic Include="FilterPenUI.ui">
      <Filter>Form Files</Filter>
    </QtUic>
    <QtUic Include="ChangeHSL.ui">
      <Filter>Form Files</Filter>
    </QtUic>
  </ItemGroup>
</Project>